<?xml version="1.0" encoding="utf-8"?>
<Project ToolsVersion="4.0" xmlns="http://schemas.microsoft.com/developer/msbuild/2003">
  <ItemGroup>
    <Filter Include="streams">
      <UniqueIdentifier>{568467c0-795a-4127-a378-37333285b70f}</UniqueIdentifier>
    </Filter>
    <Filter Include="debug">
      <UniqueIdentifier>{59a690e8-f38d-43bb-ab9e-900a0fb58c36}</UniqueIdentifier>
    </Filter>
    <Filter Include="threads">
      <UniqueIdentifier>{a0772e2d-925b-4494-9402-6c0b0660d70f}</UniqueIdentifier>
    </Filter>
    <Filter Include="datatypes">
      <UniqueIdentifier>{0600a651-d65d-4ee8-b9f5-b97ed3f401c2}</UniqueIdentifier>
    </Filter>
    <Filter Include="utilities">
      <UniqueIdentifier>{06ff040a-4b7e-4d51-a15c-485826c27f8b}</UniqueIdentifier>
    </Filter>
    <Filter Include="memory">
      <UniqueIdentifier>{b5e736c6-e2b3-43dd-912f-ab8d6a6c0962}</UniqueIdentifier>
    </Filter>
    <Filter Include="pipe">
      <UniqueIdentifier>{e2d5ea3c-3b92-4927-8058-3a186efd51ff}</UniqueIdentifier>
    </Filter>
    <Filter Include="files">
      <UniqueIdentifier>{2455c2d4-fcbc-4424-b999-80c744cfa54f}</UniqueIdentifier>
    </Filter>
  </ItemGroup>
  <ItemGroup>
    <ClCompile Include="IBufferStream.cpp">
      <Filter>streams</Filter>
    </ClCompile>
    <ClCompile Include="IDataStream.cpp">
      <Filter>streams</Filter>
    </ClCompile>
    <ClCompile Include="IFileStream.cpp">
      <Filter>streams</Filter>
    </ClCompile>
    <ClCompile Include="ISegmentStream.cpp">
      <Filter>streams</Filter>
    </ClCompile>
    <ClCompile Include="IDebugLog.cpp">
      <Filter>debug</Filter>
    </ClCompile>
    <ClCompile Include="IErrors.cpp">
      <Filter>debug</Filter>
    </ClCompile>
    <ClCompile Include="IEvent.cpp">
      <Filter>threads</Filter>
    </ClCompile>
    <ClCompile Include="IInterlockedLong.cpp">
      <Filter>threads</Filter>
    </ClCompile>
    <ClCompile Include="IMutex.cpp">
      <Filter>threads</Filter>
    </ClCompile>
    <ClCompile Include="IReadWriteLock.cpp">
      <Filter>threads</Filter>
    </ClCompile>
    <ClCompile Include="IThread.cpp">
      <Filter>threads</Filter>
    </ClCompile>
    <ClCompile Include="IArchive.cpp">
      <Filter>datatypes</Filter>
    </ClCompile>
    <ClCompile Include="IDatabase.cpp">
      <Filter>datatypes</Filter>
    </ClCompile>
    <ClCompile Include="IFIFO.cpp">
      <Filter>datatypes</Filter>
    </ClCompile>
    <ClCompile Include="IRangeMap.cpp">
      <Filter>datatypes</Filter>
    </ClCompile>
    <ClCompile Include="ISingleton.cpp">
      <Filter>datatypes</Filter>
    </ClCompile>
    <ClCompile Include="ITextParser.cpp">
      <Filter>datatypes</Filter>
    </ClCompile>
    <ClCompile Include="ITypes.cpp">
      <Filter>datatypes</Filter>
    </ClCompile>
    <ClCompile Include="IConsole.cpp">
      <Filter>utilities</Filter>
    </ClCompile>
    <ClCompile Include="IDynamicCreate.cpp">
      <Filter>utilities</Filter>
    </ClCompile>
    <ClCompile Include="ITimer.cpp">
      <Filter>utilities</Filter>
    </ClCompile>
    <ClCompile Include="IMemPool.cpp">
      <Filter>memory</Filter>
    </ClCompile>
    <ClCompile Include="IPipeClient.cpp">
      <Filter>pipe</Filter>
    </ClCompile>
    <ClCompile Include="IPipeServer.cpp">
      <Filter>pipe</Filter>
    </ClCompile>
    <ClCompile Include="IDirectoryIterator.cpp">
      <Filter>files</Filter>
    </ClCompile>
    <ClCompile Include="IPrefix.cpp" />
  </ItemGroup>
  <ItemGroup>
    <ClInclude Include="IBufferStream.h">
      <Filter>streams</Filter>
    </ClInclude>
    <ClInclude Include="IDataStream.h">
      <Filter>streams</Filter>
    </ClInclude>
    <ClInclude Include="IFileStream.h">
      <Filter>streams</Filter>
    </ClInclude>
    <ClInclude Include="ISegmentStream.h">
      <Filter>streams</Filter>
    </ClInclude>
    <ClInclude Include="IDebugLog.h">
      <Filter>debug</Filter>
    </ClInclude>
    <ClInclude Include="IErrors.h">
      <Filter>debug</Filter>
    </ClInclude>
    <ClInclude Include="ICriticalSection.h">
      <Filter>threads</Filter>
    </ClInclude>
    <ClInclude Include="IEvent.h">
      <Filter>threads</Filter>
    </ClInclude>
    <ClInclude Include="IInterlockedLong.h">
      <Filter>threads</Filter>
    </ClInclude>
    <ClInclude Include="IMutex.h">
      <Filter>threads</Filter>
    </ClInclude>
    <ClInclude Include="IReadWriteLock.h">
      <Filter>threads</Filter>
    </ClInclude>
    <ClInclude Include="IThread.h">
      <Filter>threads</Filter>
    </ClInclude>
    <ClInclude Include="IArchive.h">
      <Filter>datatypes</Filter>
    </ClInclude>
    <ClInclude Include="IDatabase.h">
      <Filter>datatypes</Filter>
    </ClInclude>
    <ClInclude Include="IFIFO.h">
      <Filter>datatypes</Filter>
    </ClInclude>
    <ClInclude Include="ILinkedList.h">
      <Filter>datatypes</Filter>
    </ClInclude>
    <ClInclude Include="IRangeMap.h">
      <Filter>datatypes</Filter>
    </ClInclude>
    <ClInclude Include="ISingleton.h">
      <Filter>datatypes</Filter>
    </ClInclude>
    <ClInclude Include="ITextParser.h">
      <Filter>datatypes</Filter>
    </ClInclude>
    <ClInclude Include="ITypes.h">
      <Filter>datatypes</Filter>
    </ClInclude>
    <ClInclude Include="IConsole.h">
      <Filter>utilities</Filter>
    </ClInclude>
    <ClInclude Include="IDynamicCreate.h">
      <Filter>utilities</Filter>
    </ClInclude>
    <ClInclude Include="ITimer.h">
      <Filter>utilities</Filter>
    </ClInclude>
    <ClInclude Include="IMemPool.h">
      <Filter>memory</Filter>
    </ClInclude>
    <ClInclude Include="IPipeClient.h">
      <Filter>pipe</Filter>
    </ClInclude>
    <ClInclude Include="IPipeServer.h">
      <Filter>pipe</Filter>
    </ClInclude>
    <ClInclude Include="IDirectoryIterator.h">
      <Filter>files</Filter>
    </ClInclude>
    <ClInclude Include="IPrefix.h" />
  </ItemGroup>
  <ItemGroup>
    <None Include="IDatabase.inc">
      <Filter>datatypes</Filter>
    </None>
  </ItemGroup>
</Project>